version = 1
revision = 1
requires-python = "==3.11.*"

[[package]]
name = "abodemine"
version = "0.1.0"
source = { virtual = "." }
dependencies = [
    { name = "pyyaml" },
]

[package.optional-dependencies]
dev = [
    { name = "bcrypt" },
    { name = "pydantic" },
]

[package.dev-dependencies]
dev = [
    { name = "csvkit" },
]

[package.metadata]
requires-dist = [
    { name = "bcrypt", marker = "extra == 'dev'", specifier = "==4.3.0" },
    { name = "pydantic", marker = "extra == 'dev'", specifier = "==2.11.3" },
    { name = "pyyaml", specifier = "==6.0.2" },
]
provides-extras = ["dev"]

[package.metadata.requires-dev]
dev = [{ name = "csvkit", specifier = ">=2.1.0" }]

[[package]]
name = "agate"
version = "1.13.0"
source = { registry = "https://pypi.org/simple" }
dependencies = [
    { name = "babel" },
    { name = "isodate" },
    { name = "leather" },
    { name = "parsedatetime" },
    { name = "python-slugify" },
    { name = "pytimeparse" },
    { name = "tzdata", marker = "sys_platform == 'win32'" },
]
sdist = { url = "https://files.pythonhosted.org/packages/38/a5/3773a25b4b4867efbe69dd34f374020e1c66415ac96afc572ac7aa47d90c/agate-1.13.0.tar.gz", hash = "sha256:24bc3d3cbd165aa3ab0ef9e798dd4c53ad703012d450fe89b9c26b239505c445", size = 204156 }
wheels = [
    { url = "https://files.pythonhosted.org/packages/47/d4/5b4c8912bfde73f23ac5cf99915193c53133709283bbfdb151ab23881c48/agate-1.13.0-py2.py3-none-any.whl", hash = "sha256:0726e3883e157da2b6bb58cc40bd9b810a5df4a11dea3bcd3de0f422a3819294", size = 95920 },
]

[[package]]
name = "agate-dbf"
version = "0.2.3"
source = { registry = "https://pypi.org/simple" }
dependencies = [
    { name = "agate" },
    { name = "dbfread" },
]
sdist = { url = "https://files.pythonhosted.org/packages/e7/b1/4de32f53777a304f63fb781b0ec4520af4e011ba477d7214672b3c92d2da/agate-dbf-0.2.3.tar.gz", hash = "sha256:98a2b53757136cc74dc297e59e2101d34f6d48f41f74156bb6c0de26bba2aa3f", size = 7440 }
wheels = [
    { url = "https://files.pythonhosted.org/packages/d9/99/cd4729cb51d6c7de8ad00eab375021cb34b8ca132350efe401488af10483/agate_dbf-0.2.3-py2.py3-none-any.whl", hash = "sha256:b36e5a8321f9c42f812750256cadd600f779a19e334a80fee6e032395c0b9aa0", size = 3587 },
]

[[package]]
name = "agate-excel"
version = "0.4.1"
source = { registry = "https://pypi.org/simple" }
dependencies = [
    { name = "agate" },
    { name = "olefile" },
    { name = "openpyxl" },
    { name = "xlrd" },
]
sdist = { url = "https://files.pythonhosted.org/packages/07/93/350f95d3cca0e1f43d55d48879bc33dd54b8c5619ebdac7d2adf42a3cc92/agate-excel-0.4.1.tar.gz", hash = "sha256:28426618c90747111e6d566e983d838f1e2fae641ea6970d7acb0e9d4b384091", size = 271433 }
wheels = [
    { url = "https://files.pythonhosted.org/packages/d6/6f/5d71389b715654dc636180af8b33923926f73c4cf89450813c9380cbb3cf/agate_excel-0.4.1-py2.py3-none-any.whl", hash = "sha256:398f214cb24e3debcb6cc75f52dc558dee84d594f5f4b5e73997299c6c786158", size = 7114 },
]

[[package]]
name = "agate-sql"
version = "0.7.2"
source = { registry = "https://pypi.org/simple" }
dependencies = [
    { name = "agate" },
    { name = "sqlalchemy" },
]
sdist = { url = "https://files.pythonhosted.org/packages/11/9e/004234db38834e805cf8df6dff5d5d819a9909b247ef57d4c23208b04332/agate-sql-0.7.2.tar.gz", hash = "sha256:9b1b30284a573fd416759437273dcc5c81022bdf2facb24b4aa029a62afd53b0", size = 13695 }
wheels = [
    { url = "https://files.pythonhosted.org/packages/42/41/ce4192b0ee21d5120d20de58751ce56fae7bebe4c56966dc64c41534d4e4/agate_sql-0.7.2-py2.py3-none-any.whl", hash = "sha256:be1cb9a99b3e4ec7f6106278dfb7b534be9629c8a983abb168c3effacc79dd10", size = 7349 },
]

[[package]]
name = "annotated-types"
version = "0.7.0"
source = { registry = "https://pypi.org/simple" }
sdist = { url = "https://files.pythonhosted.org/packages/ee/67/531ea369ba64dcff5ec9c3402f9f51bf748cec26dde048a2f973a4eea7f5/annotated_types-0.7.0.tar.gz", hash = "sha256:aff07c09a53a08bc8cfccb9c85b05f1aa9a2a6f23728d790723543408344ce89", size = 16081 }
wheels = [
    { url = "https://files.pythonhosted.org/packages/78/b6/6307fbef88d9b5ee7421e68d78a9f162e0da4900bc5f5793f6d3d0e34fb8/annotated_types-0.7.0-py3-none-any.whl", hash = "sha256:1f02e8b43a8fbbc3f3e0d4f0f4bfc8131bcb4eebe8849b8e5c773f3a1c582a53", size = 13643 },
]

[[package]]
name = "babel"
version = "2.17.0"
source = { registry = "https://pypi.org/simple" }
sdist = { url = "https://files.pythonhosted.org/packages/7d/6b/d52e42361e1aa00709585ecc30b3f9684b3ab62530771402248b1b1d6240/babel-2.17.0.tar.gz", hash = "sha256:0c54cffb19f690cdcc52a3b50bcbf71e07a808d1c80d549f2459b9d2cf0afb9d", size = 9951852 }
wheels = [
    { url = "https://files.pythonhosted.org/packages/b7/b8/3fe70c75fe32afc4bb507f75563d39bc5642255d1d94f1f23604725780bf/babel-2.17.0-py3-none-any.whl", hash = "sha256:4d0b53093fdfb4b21c92b5213dba5a1b23885afa8383709427046b21c366e5f2", size = 10182537 },
]

[[package]]
name = "bcrypt"
version = "4.3.0"
source = { registry = "https://pypi.org/simple" }
sdist = { url = "https://files.pythonhosted.org/packages/bb/5d/6d7433e0f3cd46ce0b43cd65e1db465ea024dbb8216fb2404e919c2ad77b/bcrypt-4.3.0.tar.gz", hash = "sha256:3a3fd2204178b6d2adcf09cb4f6426ffef54762577a7c9b54c159008cb288c18", size = 25697 }
wheels = [
    { url = "https://files.pythonhosted.org/packages/11/22/5ada0b9af72b60cbc4c9a399fdde4af0feaa609d27eb0adc61607997a3fa/bcrypt-4.3.0-cp38-abi3-macosx_10_12_universal2.whl", hash = "sha256:f81b0ed2639568bf14749112298f9e4e2b28853dab50a8b357e31798686a036d", size = 498019 },
    { url = "https://files.pythonhosted.org/packages/b8/8c/252a1edc598dc1ce57905be173328eda073083826955ee3c97c7ff5ba584/bcrypt-4.3.0-cp38-abi3-manylinux_2_17_aarch64.manylinux2014_aarch64.whl", hash = "sha256:864f8f19adbe13b7de11ba15d85d4a428c7e2f344bac110f667676a0ff84924b", size = 279174 },
    { url = "https://files.pythonhosted.org/packages/29/5b/4547d5c49b85f0337c13929f2ccbe08b7283069eea3550a457914fc078aa/bcrypt-4.3.0-cp38-abi3-manylinux_2_17_x86_64.manylinux2014_x86_64.whl", hash = "sha256:3e36506d001e93bffe59754397572f21bb5dc7c83f54454c990c74a468cd589e", size = 283870 },
    { url = "https://files.pythonhosted.org/packages/be/21/7dbaf3fa1745cb63f776bb046e481fbababd7d344c5324eab47f5ca92dd2/bcrypt-4.3.0-cp38-abi3-manylinux_2_28_aarch64.whl", hash = "sha256:842d08d75d9fe9fb94b18b071090220697f9f184d4547179b60734846461ed59", size = 279601 },
    { url = "https://files.pythonhosted.org/packages/6d/64/e042fc8262e971347d9230d9abbe70d68b0a549acd8611c83cebd3eaec67/bcrypt-4.3.0-cp38-abi3-manylinux_2_28_armv7l.manylinux_2_31_armv7l.whl", hash = "sha256:7c03296b85cb87db865d91da79bf63d5609284fc0cab9472fdd8367bbd830753", size = 297660 },
    { url = "https://files.pythonhosted.org/packages/50/b8/6294eb84a3fef3b67c69b4470fcdd5326676806bf2519cda79331ab3c3a9/bcrypt-4.3.0-cp38-abi3-manylinux_2_28_x86_64.whl", hash = "sha256:62f26585e8b219cdc909b6a0069efc5e4267e25d4a3770a364ac58024f62a761", size = 284083 },
    { url = "https://files.pythonhosted.org/packages/62/e6/baff635a4f2c42e8788fe1b1633911c38551ecca9a749d1052d296329da6/bcrypt-4.3.0-cp38-abi3-manylinux_2_34_aarch64.whl", hash = "sha256:beeefe437218a65322fbd0069eb437e7c98137e08f22c4660ac2dc795c31f8bb", size = 279237 },
    { url = "https://files.pythonhosted.org/packages/39/48/46f623f1b0c7dc2e5de0b8af5e6f5ac4cc26408ac33f3d424e5ad8da4a90/bcrypt-4.3.0-cp38-abi3-manylinux_2_34_x86_64.whl", hash = "sha256:97eea7408db3a5bcce4a55d13245ab3fa566e23b4c67cd227062bb49e26c585d", size = 283737 },
    { url = "https://files.pythonhosted.org/packages/49/8b/70671c3ce9c0fca4a6cc3cc6ccbaa7e948875a2e62cbd146e04a4011899c/bcrypt-4.3.0-cp38-abi3-musllinux_1_1_aarch64.whl", hash = "sha256:191354ebfe305e84f344c5964c7cd5f924a3bfc5d405c75ad07f232b6dffb49f", size = 312741 },
    { url = "https://files.pythonhosted.org/packages/27/fb/910d3a1caa2d249b6040a5caf9f9866c52114d51523ac2fb47578a27faee/bcrypt-4.3.0-cp38-abi3-musllinux_1_1_x86_64.whl", hash = "sha256:41261d64150858eeb5ff43c753c4b216991e0ae16614a308a15d909503617732", size = 316472 },
    { url = "https://files.pythonhosted.org/packages/dc/cf/7cf3a05b66ce466cfb575dbbda39718d45a609daa78500f57fa9f36fa3c0/bcrypt-4.3.0-cp38-abi3-musllinux_1_2_aarch64.whl", hash = "sha256:33752b1ba962ee793fa2b6321404bf20011fe45b9afd2a842139de3011898fef", size = 343606 },
    { url = "https://files.pythonhosted.org/packages/e3/b8/e970ecc6d7e355c0d892b7f733480f4aa8509f99b33e71550242cf0b7e63/bcrypt-4.3.0-cp38-abi3-musllinux_1_2_x86_64.whl", hash = "sha256:50e6e80a4bfd23a25f5c05b90167c19030cf9f87930f7cb2eacb99f45d1c3304", size = 362867 },
    { url = "https://files.pythonhosted.org/packages/a9/97/8d3118efd8354c555a3422d544163f40d9f236be5b96c714086463f11699/bcrypt-4.3.0-cp38-abi3-win32.whl", hash = "sha256:67a561c4d9fb9465ec866177e7aebcad08fe23aaf6fbd692a6fab69088abfc51", size = 160589 },
    { url = "https://files.pythonhosted.org/packages/29/07/416f0b99f7f3997c69815365babbc2e8754181a4b1899d921b3c7d5b6f12/bcrypt-4.3.0-cp38-abi3-win_amd64.whl", hash = "sha256:584027857bc2843772114717a7490a37f68da563b3620f78a849bcb54dc11e62", size = 152794 },
    { url = "https://files.pythonhosted.org/packages/6e/c1/3fa0e9e4e0bfd3fd77eb8b52ec198fd6e1fd7e9402052e43f23483f956dd/bcrypt-4.3.0-cp39-abi3-macosx_10_12_universal2.whl", hash = "sha256:0d3efb1157edebfd9128e4e46e2ac1a64e0c1fe46fb023158a407c7892b0f8c3", size = 498969 },
    { url = "https://files.pythonhosted.org/packages/ce/d4/755ce19b6743394787fbd7dff6bf271b27ee9b5912a97242e3caf125885b/bcrypt-4.3.0-cp39-abi3-manylinux_2_17_aarch64.manylinux2014_aarch64.whl", hash = "sha256:08bacc884fd302b611226c01014eca277d48f0a05187666bca23aac0dad6fe24", size = 279158 },
    { url = "https://files.pythonhosted.org/packages/9b/5d/805ef1a749c965c46b28285dfb5cd272a7ed9fa971f970435a5133250182/bcrypt-4.3.0-cp39-abi3-manylinux_2_17_x86_64.manylinux2014_x86_64.whl", hash = "sha256:f6746e6fec103fcd509b96bacdfdaa2fbde9a553245dbada284435173a6f1aef", size = 284285 },
    { url = "https://files.pythonhosted.org/packages/ab/2b/698580547a4a4988e415721b71eb45e80c879f0fb04a62da131f45987b96/bcrypt-4.3.0-cp39-abi3-manylinux_2_28_aarch64.whl", hash = "sha256:afe327968aaf13fc143a56a3360cb27d4ad0345e34da12c7290f1b00b8fe9a8b", size = 279583 },
    { url = "https://files.pythonhosted.org/packages/f2/87/62e1e426418204db520f955ffd06f1efd389feca893dad7095bf35612eec/bcrypt-4.3.0-cp39-abi3-manylinux_2_28_armv7l.manylinux_2_31_armv7l.whl", hash = "sha256:d9af79d322e735b1fc33404b5765108ae0ff232d4b54666d46730f8ac1a43676", size = 297896 },
    { url = "https://files.pythonhosted.org/packages/cb/c6/8fedca4c2ada1b6e889c52d2943b2f968d3427e5d65f595620ec4c06fa2f/bcrypt-4.3.0-cp39-abi3-manylinux_2_28_x86_64.whl", hash = "sha256:f1e3ffa1365e8702dc48c8b360fef8d7afeca482809c5e45e653af82ccd088c1", size = 284492 },
    { url = "https://files.pythonhosted.org/packages/4d/4d/c43332dcaaddb7710a8ff5269fcccba97ed3c85987ddaa808db084267b9a/bcrypt-4.3.0-cp39-abi3-manylinux_2_34_aarch64.whl", hash = "sha256:3004df1b323d10021fda07a813fd33e0fd57bef0e9a480bb143877f6cba996fe", size = 279213 },
    { url = "https://files.pythonhosted.org/packages/dc/7f/1e36379e169a7df3a14a1c160a49b7b918600a6008de43ff20d479e6f4b5/bcrypt-4.3.0-cp39-abi3-manylinux_2_34_x86_64.whl", hash = "sha256:531457e5c839d8caea9b589a1bcfe3756b0547d7814e9ce3d437f17da75c32b0", size = 284162 },
    { url = "https://files.pythonhosted.org/packages/1c/0a/644b2731194b0d7646f3210dc4d80c7fee3ecb3a1f791a6e0ae6bb8684e3/bcrypt-4.3.0-cp39-abi3-musllinux_1_1_aarch64.whl", hash = "sha256:17a854d9a7a476a89dcef6c8bd119ad23e0f82557afbd2c442777a16408e614f", size = 312856 },
    { url = "https://files.pythonhosted.org/packages/dc/62/2a871837c0bb6ab0c9a88bf54de0fc021a6a08832d4ea313ed92a669d437/bcrypt-4.3.0-cp39-abi3-musllinux_1_1_x86_64.whl", hash = "sha256:6fb1fd3ab08c0cbc6826a2e0447610c6f09e983a281b919ed721ad32236b8b23", size = 316726 },
    { url = "https://files.pythonhosted.org/packages/0c/a1/9898ea3faac0b156d457fd73a3cb9c2855c6fd063e44b8522925cdd8ce46/bcrypt-4.3.0-cp39-abi3-musllinux_1_2_aarch64.whl", hash = "sha256:e965a9c1e9a393b8005031ff52583cedc15b7884fce7deb8b0346388837d6cfe", size = 343664 },
    { url = "https://files.pythonhosted.org/packages/40/f2/71b4ed65ce38982ecdda0ff20c3ad1b15e71949c78b2c053df53629ce940/bcrypt-4.3.0-cp39-abi3-musllinux_1_2_x86_64.whl", hash = "sha256:79e70b8342a33b52b55d93b3a59223a844962bef479f6a0ea318ebbcadf71505", size = 363128 },
    { url = "https://files.pythonhosted.org/packages/11/99/12f6a58eca6dea4be992d6c681b7ec9410a1d9f5cf368c61437e31daa879/bcrypt-4.3.0-cp39-abi3-win32.whl", hash = "sha256:b4d4e57f0a63fd0b358eb765063ff661328f69a04494427265950c71b992a39a", size = 160598 },
    { url = "https://files.pythonhosted.org/packages/a9/cf/45fb5261ece3e6b9817d3d82b2f343a505fd58674a92577923bc500bd1aa/bcrypt-4.3.0-cp39-abi3-win_amd64.whl", hash = "sha256:e53e074b120f2877a35cc6c736b8eb161377caae8925c17688bd46ba56daaa5b", size = 152799 },
    { url = "https://files.pythonhosted.org/packages/4c/b1/1289e21d710496b88340369137cc4c5f6ee036401190ea116a7b4ae6d32a/bcrypt-4.3.0-pp311-pypy311_pp73-manylinux_2_28_aarch64.whl", hash = "sha256:a839320bf27d474e52ef8cb16449bb2ce0ba03ca9f44daba6d93fa1d8828e48a", size = 275103 },
    { url = "https://files.pythonhosted.org/packages/94/41/19be9fe17e4ffc5d10b7b67f10e459fc4eee6ffe9056a88de511920cfd8d/bcrypt-4.3.0-pp311-pypy311_pp73-manylinux_2_28_x86_64.whl", hash = "sha256:bdc6a24e754a555d7316fa4774e64c6c3997d27ed2d1964d55920c7c227bc4ce", size = 280513 },
    { url = "https://files.pythonhosted.org/packages/aa/73/05687a9ef89edebdd8ad7474c16d8af685eb4591c3c38300bb6aad4f0076/bcrypt-4.3.0-pp311-pypy311_pp73-manylinux_2_34_aarch64.whl", hash = "sha256:55a935b8e9a1d2def0626c4269db3fcd26728cbff1e84f0341465c31c4ee56d8", size = 274685 },
    { url = "https://files.pythonhosted.org/packages/63/13/47bba97924ebe86a62ef83dc75b7c8a881d53c535f83e2c54c4bd701e05c/bcrypt-4.3.0-pp311-pypy311_pp73-manylinux_2_34_x86_64.whl", hash = "sha256:57967b7a28d855313a963aaea51bf6df89f833db4320da458e5b3c5ab6d4c938", size = 280110 },
]

[[package]]
name = "csvkit"
version = "2.1.0"
source = { registry = "https://pypi.org/simple" }
dependencies = [
    { name = "agate" },
    { name = "agate-dbf" },
    { name = "agate-excel" },
    { name = "agate-sql" },
    { name = "openpyxl" },
    { name = "sqlalchemy" },
    { name = "xlrd" },
]
sdist = { url = "https://files.pythonhosted.org/packages/80/e2/b6317dc421111a8158ce186095208127b4d53d823b40d9268cffbf06b73b/csvkit-2.1.0.tar.gz", hash = "sha256:b91e8f5a485888c3c515b15cc2525ce4be5cfcd4f4766ead83113e787b5fd536", size = 3820430 }
wheels = [
    { url = "https://files.pythonhosted.org/packages/f4/b6/e5c18a368375c98a4e3bb8246b2c76143c0e059b119c40d39acaaa13bc72/csvkit-2.1.0-py2.py3-none-any.whl", hash = "sha256:3c0495a519be4c9d8a8ebdf852197a80fc324cddacbaa9fec82fc397d52bac9d", size = 75980 },
]

[[package]]
name = "dbfread"
version = "2.0.7"
source = { registry = "https://pypi.org/simple" }
sdist = { url = "https://files.pythonhosted.org/packages/ad/ae/a5891681f5012724d062a4ca63ec2ff539c73d5804ba594e7e0e72099d3f/dbfread-2.0.7.tar.gz", hash = "sha256:07c8a9af06ffad3f6f03e8fe91ad7d2733e31a26d2b72c4dd4cfbae07ee3b73d", size = 33212 }
wheels = [
    { url = "https://files.pythonhosted.org/packages/4c/94/51349e43503e30ed7b4ecfe68a8809cdb58f722c0feb79d18b1f1e36fe74/dbfread-2.0.7-py2.py3-none-any.whl", hash = "sha256:f604def58c59694fa0160d7be5d0b8d594467278d2bb6a47d46daf7162c84cec", size = 20018 },
]

[[package]]
name = "et-xmlfile"
version = "2.0.0"
source = { registry = "https://pypi.org/simple" }
sdist = { url = "https://files.pythonhosted.org/packages/d3/38/af70d7ab1ae9d4da450eeec1fa3918940a5fafb9055e934af8d6eb0c2313/et_xmlfile-2.0.0.tar.gz", hash = "sha256:dab3f4764309081ce75662649be815c4c9081e88f0837825f90fd28317d4da54", size = 17234 }
wheels = [
    { url = "https://files.pythonhosted.org/packages/c1/8b/5fe2cc11fee489817272089c4203e679c63b570a5aaeb18d852ae3cbba6a/et_xmlfile-2.0.0-py3-none-any.whl", hash = "sha256:7a91720bc756843502c3b7504c77b8fe44217c85c537d85037f0f536151b2caa", size = 18059 },
]

[[package]]
name = "greenlet"
version = "3.1.1"
source = { registry = "https://pypi.org/simple" }
sdist = { url = "https://files.pythonhosted.org/packages/2f/ff/df5fede753cc10f6a5be0931204ea30c35fa2f2ea7a35b25bdaf4fe40e46/greenlet-3.1.1.tar.gz", hash = "sha256:4ce3ac6cdb6adf7946475d7ef31777c26d94bccc377e070a7986bd2d5c515467", size = 186022 }
wheels = [
    { url = "https://files.pythonhosted.org/packages/28/62/1c2665558618553c42922ed47a4e6d6527e2fa3516a8256c2f431c5d0441/greenlet-3.1.1-cp311-cp311-macosx_11_0_universal2.whl", hash = "sha256:e4d333e558953648ca09d64f13e6d8f0523fa705f51cae3f03b5983489958c70", size = 272479 },
    { url = "https://files.pythonhosted.org/packages/76/9d/421e2d5f07285b6e4e3a676b016ca781f63cfe4a0cd8eaecf3fd6f7a71ae/greenlet-3.1.1-cp311-cp311-manylinux_2_17_aarch64.manylinux2014_aarch64.whl", hash = "sha256:09fc016b73c94e98e29af67ab7b9a879c307c6731a2c9da0db5a7d9b7edd1159", size = 640404 },
    { url = "https://files.pythonhosted.org/packages/e5/de/6e05f5c59262a584e502dd3d261bbdd2c97ab5416cc9c0b91ea38932a901/greenlet-3.1.1-cp311-cp311-manylinux_2_17_ppc64le.manylinux2014_ppc64le.whl", hash = "sha256:d5e975ca70269d66d17dd995dafc06f1b06e8cb1ec1e9ed54c1d1e4a7c4cf26e", size = 652813 },
    { url = "https://files.pythonhosted.org/packages/49/93/d5f93c84241acdea15a8fd329362c2c71c79e1a507c3f142a5d67ea435ae/greenlet-3.1.1-cp311-cp311-manylinux_2_17_s390x.manylinux2014_s390x.whl", hash = "sha256:3b2813dc3de8c1ee3f924e4d4227999285fd335d1bcc0d2be6dc3f1f6a318ec1", size = 648517 },
    { url = "https://files.pythonhosted.org/packages/15/85/72f77fc02d00470c86a5c982b8daafdf65d38aefbbe441cebff3bf7037fc/greenlet-3.1.1-cp311-cp311-manylinux_2_17_x86_64.manylinux2014_x86_64.whl", hash = "sha256:e347b3bfcf985a05e8c0b7d462ba6f15b1ee1c909e2dcad795e49e91b152c383", size = 647831 },
    { url = "https://files.pythonhosted.org/packages/f7/4b/1c9695aa24f808e156c8f4813f685d975ca73c000c2a5056c514c64980f6/greenlet-3.1.1-cp311-cp311-manylinux_2_24_x86_64.manylinux_2_28_x86_64.whl", hash = "sha256:9e8f8c9cb53cdac7ba9793c276acd90168f416b9ce36799b9b885790f8ad6c0a", size = 602413 },
    { url = "https://files.pythonhosted.org/packages/76/70/ad6e5b31ef330f03b12559d19fda2606a522d3849cde46b24f223d6d1619/greenlet-3.1.1-cp311-cp311-musllinux_1_1_aarch64.whl", hash = "sha256:62ee94988d6b4722ce0028644418d93a52429e977d742ca2ccbe1c4f4a792511", size = 1129619 },
    { url = "https://files.pythonhosted.org/packages/f4/fb/201e1b932e584066e0f0658b538e73c459b34d44b4bd4034f682423bc801/greenlet-3.1.1-cp311-cp311-musllinux_1_1_x86_64.whl", hash = "sha256:1776fd7f989fc6b8d8c8cb8da1f6b82c5814957264d1f6cf818d475ec2bf6395", size = 1155198 },
    { url = "https://files.pythonhosted.org/packages/12/da/b9ed5e310bb8b89661b80cbcd4db5a067903bbcd7fc854923f5ebb4144f0/greenlet-3.1.1-cp311-cp311-win_amd64.whl", hash = "sha256:48ca08c771c268a768087b408658e216133aecd835c0ded47ce955381105ba39", size = 298930 },
]

[[package]]
name = "isodate"
version = "0.7.2"
source = { registry = "https://pypi.org/simple" }
sdist = { url = "https://files.pythonhosted.org/packages/54/4d/e940025e2ce31a8ce1202635910747e5a87cc3a6a6bb2d00973375014749/isodate-0.7.2.tar.gz", hash = "sha256:4cd1aa0f43ca76f4a6c6c0292a85f40b35ec2e43e315b59f06e6d32171a953e6", size = 29705 }
wheels = [
    { url = "https://files.pythonhosted.org/packages/15/aa/0aca39a37d3c7eb941ba736ede56d689e7be91cab5d9ca846bde3999eba6/isodate-0.7.2-py3-none-any.whl", hash = "sha256:28009937d8031054830160fce6d409ed342816b543597cece116d966c6d99e15", size = 22320 },
]

[[package]]
name = "leather"
version = "0.4.0"
source = { registry = "https://pypi.org/simple" }
sdist = { url = "https://files.pythonhosted.org/packages/ed/6e/48a05e2f7f62a616d675cfee182643f2dd8023bf7429aa326f4bebd629c8/leather-0.4.0.tar.gz", hash = "sha256:f964bec2086f3153a6c16e707f20cb718f811f57af116075f4c0f4805c608b95", size = 43877 }
wheels = [
    { url = "https://files.pythonhosted.org/packages/a1/30/9ec597c962c5249ebd5c580386e4b5f2884cd943af42634291ee3b406415/leather-0.4.0-py2.py3-none-any.whl", hash = "sha256:18290bc93749ae39039af5e31e871fcfad74d26c4c3ea28ea4f681f4571b3a2b", size = 30256 },
]

[[package]]
name = "olefile"
version = "0.47"
source = { registry = "https://pypi.org/simple" }
sdist = { url = "https://files.pythonhosted.org/packages/69/1b/077b508e3e500e1629d366249c3ccb32f95e50258b231705c09e3c7a4366/olefile-0.47.zip", hash = "sha256:599383381a0bf3dfbd932ca0ca6515acd174ed48870cbf7fee123d698c192c1c", size = 112240 }
wheels = [
    { url = "https://files.pythonhosted.org/packages/17/d3/b64c356a907242d719fc668b71befd73324e47ab46c8ebbbede252c154b2/olefile-0.47-py2.py3-none-any.whl", hash = "sha256:543c7da2a7adadf21214938bb79c83ea12b473a4b6ee4ad4bf854e7715e13d1f", size = 114565 },
]

[[package]]
name = "openpyxl"
version = "3.1.5"
source = { registry = "https://pypi.org/simple" }
dependencies = [
    { name = "et-xmlfile" },
]
sdist = { url = "https://files.pythonhosted.org/packages/3d/f9/88d94a75de065ea32619465d2f77b29a0469500e99012523b91cc4141cd1/openpyxl-3.1.5.tar.gz", hash = "sha256:cf0e3cf56142039133628b5acffe8ef0c12bc902d2aadd3e0fe5878dc08d1050", size = 186464 }
wheels = [
    { url = "https://files.pythonhosted.org/packages/c0/da/977ded879c29cbd04de313843e76868e6e13408a94ed6b987245dc7c8506/openpyxl-3.1.5-py2.py3-none-any.whl", hash = "sha256:5282c12b107bffeef825f4617dc029afaf41d0ea60823bbb665ef3079dc79de2", size = 250910 },
]

[[package]]
name = "parsedatetime"
version = "2.6"
source = { registry = "https://pypi.org/simple" }
sdist = { url = "https://files.pythonhosted.org/packages/a8/20/cb587f6672dbe585d101f590c3871d16e7aec5a576a1694997a3777312ac/parsedatetime-2.6.tar.gz", hash = "sha256:4cb368fbb18a0b7231f4d76119165451c8d2e35951455dfee97c62a87b04d455", size = 60114 }
wheels = [
    { url = "https://files.pythonhosted.org/packages/9d/a4/3dd804926a42537bf69fb3ebb9fd72a50ba84f807d95df5ae016606c976c/parsedatetime-2.6-py3-none-any.whl", hash = "sha256:cb96edd7016872f58479e35879294258c71437195760746faffedb692aef000b", size = 42548 },
]

[[package]]
name = "pydantic"
version = "2.11.3"
source = { registry = "https://pypi.org/simple" }
dependencies = [
    { name = "annotated-types" },
    { name = "pydantic-core" },
    { name = "typing-extensions" },
    { name = "typing-inspection" },
]
sdist = { url = "https://files.pythonhosted.org/packages/10/2e/ca897f093ee6c5f3b0bee123ee4465c50e75431c3d5b6a3b44a47134e891/pydantic-2.11.3.tar.gz", hash = "sha256:7471657138c16adad9322fe3070c0116dd6c3ad8d649300e3cbdfe91f4db4ec3", size = 785513 }
wheels = [
    { url = "https://files.pythonhosted.org/packages/b0/1d/407b29780a289868ed696d1616f4aad49d6388e5a77f567dcd2629dcd7b8/pydantic-2.11.3-py3-none-any.whl", hash = "sha256:a082753436a07f9ba1289c6ffa01cd93db3548776088aa917cc43b63f68fa60f", size = 443591 },
]

[[package]]
name = "pydantic-core"
version = "2.33.1"
source = { registry = "https://pypi.org/simple" }
dependencies = [
    { name = "typing-extensions" },
]
sdist = { url = "https://files.pythonhosted.org/packages/17/19/ed6a078a5287aea7922de6841ef4c06157931622c89c2a47940837b5eecd/pydantic_core-2.33.1.tar.gz", hash = "sha256:bcc9c6fdb0ced789245b02b7d6603e17d1563064ddcfc36f046b61c0c05dd9df", size = 434395 }
wheels = [
    { url = "https://files.pythonhosted.org/packages/d6/7f/c6298830cb780c46b4f46bb24298d01019ffa4d21769f39b908cd14bbd50/pydantic_core-2.33.1-cp311-cp311-macosx_10_12_x86_64.whl", hash = "sha256:6e966fc3caaf9f1d96b349b0341c70c8d6573bf1bac7261f7b0ba88f96c56c24", size = 2044224 },
    { url = "https://files.pythonhosted.org/packages/a8/65/6ab3a536776cad5343f625245bd38165d6663256ad43f3a200e5936afd6c/pydantic_core-2.33.1-cp311-cp311-macosx_11_0_arm64.whl", hash = "sha256:bfd0adeee563d59c598ceabddf2c92eec77abcb3f4a391b19aa7366170bd9e30", size = 1858845 },
    { url = "https://files.pythonhosted.org/packages/e9/15/9a22fd26ba5ee8c669d4b8c9c244238e940cd5d818649603ca81d1c69861/pydantic_core-2.33.1-cp311-cp311-manylinux_2_17_aarch64.manylinux2014_aarch64.whl", hash = "sha256:91815221101ad3c6b507804178a7bb5cb7b2ead9ecd600041669c8d805ebd595", size = 1910029 },
    { url = "https://files.pythonhosted.org/packages/d5/33/8cb1a62818974045086f55f604044bf35b9342900318f9a2a029a1bec460/pydantic_core-2.33.1-cp311-cp311-manylinux_2_17_armv7l.manylinux2014_armv7l.whl", hash = "sha256:9fea9c1869bb4742d174a57b4700c6dadea951df8b06de40c2fedb4f02931c2e", size = 1997784 },
    { url = "https://files.pythonhosted.org/packages/c0/ca/49958e4df7715c71773e1ea5be1c74544923d10319173264e6db122543f9/pydantic_core-2.33.1-cp311-cp311-manylinux_2_17_ppc64le.manylinux2014_ppc64le.whl", hash = "sha256:1d20eb4861329bb2484c021b9d9a977566ab16d84000a57e28061151c62b349a", size = 2141075 },
    { url = "https://files.pythonhosted.org/packages/7b/a6/0b3a167a9773c79ba834b959b4e18c3ae9216b8319bd8422792abc8a41b1/pydantic_core-2.33.1-cp311-cp311-manylinux_2_17_s390x.manylinux2014_s390x.whl", hash = "sha256:0fb935c5591573ae3201640579f30128ccc10739b45663f93c06796854405505", size = 2745849 },
    { url = "https://files.pythonhosted.org/packages/0b/60/516484135173aa9e5861d7a0663dce82e4746d2e7f803627d8c25dfa5578/pydantic_core-2.33.1-cp311-cp311-manylinux_2_17_x86_64.manylinux2014_x86_64.whl", hash = "sha256:c964fd24e6166420d18fb53996d8c9fd6eac9bf5ae3ec3d03015be4414ce497f", size = 2005794 },
    { url = "https://files.pythonhosted.org/packages/86/70/05b1eb77459ad47de00cf78ee003016da0cedf8b9170260488d7c21e9181/pydantic_core-2.33.1-cp311-cp311-manylinux_2_5_i686.manylinux1_i686.whl", hash = "sha256:681d65e9011f7392db5aa002b7423cc442d6a673c635668c227c6c8d0e5a4f77", size = 2123237 },
    { url = "https://files.pythonhosted.org/packages/c7/57/12667a1409c04ae7dc95d3b43158948eb0368e9c790be8b095cb60611459/pydantic_core-2.33.1-cp311-cp311-musllinux_1_1_aarch64.whl", hash = "sha256:e100c52f7355a48413e2999bfb4e139d2977a904495441b374f3d4fb4a170961", size = 2086351 },
    { url = "https://files.pythonhosted.org/packages/57/61/cc6d1d1c1664b58fdd6ecc64c84366c34ec9b606aeb66cafab6f4088974c/pydantic_core-2.33.1-cp311-cp311-musllinux_1_1_armv7l.whl", hash = "sha256:048831bd363490be79acdd3232f74a0e9951b11b2b4cc058aeb72b22fdc3abe1", size = 2258914 },
    { url = "https://files.pythonhosted.org/packages/d1/0a/edb137176a1f5419b2ddee8bde6a0a548cfa3c74f657f63e56232df8de88/pydantic_core-2.33.1-cp311-cp311-musllinux_1_1_x86_64.whl", hash = "sha256:bdc84017d28459c00db6f918a7272a5190bec3090058334e43a76afb279eac7c", size = 2257385 },
    { url = "https://files.pythonhosted.org/packages/26/3c/48ca982d50e4b0e1d9954919c887bdc1c2b462801bf408613ccc641b3daa/pydantic_core-2.33.1-cp311-cp311-win32.whl", hash = "sha256:32cd11c5914d1179df70406427097c7dcde19fddf1418c787540f4b730289896", size = 1923765 },
    { url = "https://files.pythonhosted.org/packages/33/cd/7ab70b99e5e21559f5de38a0928ea84e6f23fdef2b0d16a6feaf942b003c/pydantic_core-2.33.1-cp311-cp311-win_amd64.whl", hash = "sha256:2ea62419ba8c397e7da28a9170a16219d310d2cf4970dbc65c32faf20d828c83", size = 1950688 },
    { url = "https://files.pythonhosted.org/packages/4b/ae/db1fc237b82e2cacd379f63e3335748ab88b5adde98bf7544a1b1bd10a84/pydantic_core-2.33.1-cp311-cp311-win_arm64.whl", hash = "sha256:fc903512177361e868bc1f5b80ac8c8a6e05fcdd574a5fb5ffeac5a9982b9e89", size = 1908185 },
    { url = "https://files.pythonhosted.org/packages/0b/76/1794e440c1801ed35415238d2c728f26cd12695df9057154ad768b7b991c/pydantic_core-2.33.1-pp311-pypy311_pp73-macosx_10_12_x86_64.whl", hash = "sha256:3a371dc00282c4b84246509a5ddc808e61b9864aa1eae9ecc92bb1268b82db4a", size = 2042858 },
    { url = "https://files.pythonhosted.org/packages/73/b4/9cd7b081fb0b1b4f8150507cd59d27b275c3e22ad60b35cb19ea0977d9b9/pydantic_core-2.33.1-pp311-pypy311_pp73-macosx_11_0_arm64.whl", hash = "sha256:f59295ecc75a1788af8ba92f2e8c6eeaa5a94c22fc4d151e8d9638814f85c8fc", size = 1873745 },
    { url = "https://files.pythonhosted.org/packages/e1/d7/9ddb7575d4321e40d0363903c2576c8c0c3280ebea137777e5ab58d723e3/pydantic_core-2.33.1-pp311-pypy311_pp73-manylinux_2_17_aarch64.manylinux2014_aarch64.whl", hash = "sha256:08530b8ac922003033f399128505f513e30ca770527cc8bbacf75a84fcc2c74b", size = 1904188 },
    { url = "https://files.pythonhosted.org/packages/d1/a8/3194ccfe461bb08da19377ebec8cb4f13c9bd82e13baebc53c5c7c39a029/pydantic_core-2.33.1-pp311-pypy311_pp73-manylinux_2_17_x86_64.manylinux2014_x86_64.whl", hash = "sha256:bae370459da6a5466978c0eacf90690cb57ec9d533f8e63e564ef3822bfa04fe", size = 2083479 },
    { url = "https://files.pythonhosted.org/packages/42/c7/84cb569555d7179ca0b3f838cef08f66f7089b54432f5b8599aac6e9533e/pydantic_core-2.33.1-pp311-pypy311_pp73-manylinux_2_5_i686.manylinux1_i686.whl", hash = "sha256:e3de2777e3b9f4d603112f78006f4ae0acb936e95f06da6cb1a45fbad6bdb4b5", size = 2118415 },
    { url = "https://files.pythonhosted.org/packages/3b/67/72abb8c73e0837716afbb58a59cc9e3ae43d1aa8677f3b4bc72c16142716/pydantic_core-2.33.1-pp311-pypy311_pp73-musllinux_1_1_aarch64.whl", hash = "sha256:3a64e81e8cba118e108d7126362ea30e021291b7805d47e4896e52c791be2761", size = 2079623 },
    { url = "https://files.pythonhosted.org/packages/0b/cd/c59707e35a47ba4cbbf153c3f7c56420c58653b5801b055dc52cccc8e2dc/pydantic_core-2.33.1-pp311-pypy311_pp73-musllinux_1_1_armv7l.whl", hash = "sha256:52928d8c1b6bda03cc6d811e8923dffc87a2d3c8b3bfd2ce16471c7147a24850", size = 2250175 },
    { url = "https://files.pythonhosted.org/packages/84/32/e4325a6676b0bed32d5b084566ec86ed7fd1e9bcbfc49c578b1755bde920/pydantic_core-2.33.1-pp311-pypy311_pp73-musllinux_1_1_x86_64.whl", hash = "sha256:1b30d92c9412beb5ac6b10a3eb7ef92ccb14e3f2a8d7732e2d739f58b3aa7544", size = 2254674 },
    { url = "https://files.pythonhosted.org/packages/12/6f/5596dc418f2e292ffc661d21931ab34591952e2843e7168ea5a52591f6ff/pydantic_core-2.33.1-pp311-pypy311_pp73-win_amd64.whl", hash = "sha256:f995719707e0e29f0f41a8aa3bcea6e761a36c9136104d3189eafb83f5cec5e5", size = 2080951 },
]

[[package]]
name = "python-slugify"
version = "8.0.4"
source = { registry = "https://pypi.org/simple" }
dependencies = [
    { name = "text-unidecode" },
]
sdist = { url = "https://files.pythonhosted.org/packages/87/c7/5e1547c44e31da50a460df93af11a535ace568ef89d7a811069ead340c4a/python-slugify-8.0.4.tar.gz", hash = "sha256:59202371d1d05b54a9e7720c5e038f928f45daaffe41dd10822f3907b937c856", size = 10921 }
wheels = [
    { url = "https://files.pythonhosted.org/packages/a4/62/02da182e544a51a5c3ccf4b03ab79df279f9c60c5e82d5e8bec7ca26ac11/python_slugify-8.0.4-py2.py3-none-any.whl", hash = "sha256:276540b79961052b66b7d116620b36518847f52d5fd9e3a70164fc8c50faa6b8", size = 10051 },
]

[[package]]
name = "pytimeparse"
version = "1.1.8"
source = { registry = "https://pypi.org/simple" }
sdist = { url = "https://files.pythonhosted.org/packages/37/5d/231f5f33c81e09682708fb323f9e4041408d8223e2f0fb9742843328778f/pytimeparse-1.1.8.tar.gz", hash = "sha256:e86136477be924d7e670646a98561957e8ca7308d44841e21f5ddea757556a0a", size = 9403 }
wheels = [
    { url = "https://files.pythonhosted.org/packages/1b/b4/afd75551a3b910abd1d922dbd45e49e5deeb4d47dc50209ce489ba9844dd/pytimeparse-1.1.8-py2.py3-none-any.whl", hash = "sha256:04b7be6cc8bd9f5647a6325444926c3ac34ee6bc7e69da4367ba282f076036bd", size = 9969 },
]

[[package]]
name = "pyyaml"
version = "6.0.2"
source = { registry = "https://pypi.org/simple" }
sdist = { url = "https://files.pythonhosted.org/packages/54/ed/79a089b6be93607fa5cdaedf301d7dfb23af5f25c398d5ead2525b063e17/pyyaml-6.0.2.tar.gz", hash = "sha256:d584d9ec91ad65861cc08d42e834324ef890a082e591037abe114850ff7bbc3e", size = 130631 }
wheels = [
    { url = "https://files.pythonhosted.org/packages/f8/aa/7af4e81f7acba21a4c6be026da38fd2b872ca46226673c89a758ebdc4fd2/PyYAML-6.0.2-cp311-cp311-macosx_10_9_x86_64.whl", hash = "sha256:cc1c1159b3d456576af7a3e4d1ba7e6924cb39de8f67111c735f6fc832082774", size = 184612 },
    { url = "https://files.pythonhosted.org/packages/8b/62/b9faa998fd185f65c1371643678e4d58254add437edb764a08c5a98fb986/PyYAML-6.0.2-cp311-cp311-macosx_11_0_arm64.whl", hash = "sha256:1e2120ef853f59c7419231f3bf4e7021f1b936f6ebd222406c3b60212205d2ee", size = 172040 },
    { url = "https://files.pythonhosted.org/packages/ad/0c/c804f5f922a9a6563bab712d8dcc70251e8af811fce4524d57c2c0fd49a4/PyYAML-6.0.2-cp311-cp311-manylinux_2_17_aarch64.manylinux2014_aarch64.whl", hash = "sha256:5d225db5a45f21e78dd9358e58a98702a0302f2659a3c6cd320564b75b86f47c", size = 736829 },
    { url = "https://files.pythonhosted.org/packages/51/16/6af8d6a6b210c8e54f1406a6b9481febf9c64a3109c541567e35a49aa2e7/PyYAML-6.0.2-cp311-cp311-manylinux_2_17_s390x.manylinux2014_s390x.whl", hash = "sha256:5ac9328ec4831237bec75defaf839f7d4564be1e6b25ac710bd1a96321cc8317", size = 764167 },
    { url = "https://files.pythonhosted.org/packages/75/e4/2c27590dfc9992f73aabbeb9241ae20220bd9452df27483b6e56d3975cc5/PyYAML-6.0.2-cp311-cp311-manylinux_2_17_x86_64.manylinux2014_x86_64.whl", hash = "sha256:3ad2a3decf9aaba3d29c8f537ac4b243e36bef957511b4766cb0057d32b0be85", size = 762952 },
    { url = "https://files.pythonhosted.org/packages/9b/97/ecc1abf4a823f5ac61941a9c00fe501b02ac3ab0e373c3857f7d4b83e2b6/PyYAML-6.0.2-cp311-cp311-musllinux_1_1_aarch64.whl", hash = "sha256:ff3824dc5261f50c9b0dfb3be22b4567a6f938ccce4587b38952d85fd9e9afe4", size = 735301 },
    { url = "https://files.pythonhosted.org/packages/45/73/0f49dacd6e82c9430e46f4a027baa4ca205e8b0a9dce1397f44edc23559d/PyYAML-6.0.2-cp311-cp311-musllinux_1_1_x86_64.whl", hash = "sha256:797b4f722ffa07cc8d62053e4cff1486fa6dc094105d13fea7b1de7d8bf71c9e", size = 756638 },
    { url = "https://files.pythonhosted.org/packages/22/5f/956f0f9fc65223a58fbc14459bf34b4cc48dec52e00535c79b8db361aabd/PyYAML-6.0.2-cp311-cp311-win32.whl", hash = "sha256:11d8f3dd2b9c1207dcaf2ee0bbbfd5991f571186ec9cc78427ba5bd32afae4b5", size = 143850 },
    { url = "https://files.pythonhosted.org/packages/ed/23/8da0bbe2ab9dcdd11f4f4557ccaf95c10b9811b13ecced089d43ce59c3c8/PyYAML-6.0.2-cp311-cp311-win_amd64.whl", hash = "sha256:e10ce637b18caea04431ce14fabcf5c64a1c61ec9c56b071a4b7ca131ca52d44", size = 161980 },
]

[[package]]
name = "sqlalchemy"
version = "2.0.40"
source = { registry = "https://pypi.org/simple" }
dependencies = [
    { name = "greenlet", marker = "platform_machine == 'AMD64' or platform_machine == 'WIN32' or platform_machine == 'aarch64' or platform_machine == 'amd64' or platform_machine == 'ppc64le' or platform_machine == 'win32' or platform_machine == 'x86_64'" },
    { name = "typing-extensions" },
]
sdist = { url = "https://files.pythonhosted.org/packages/68/c3/3f2bfa5e4dcd9938405fe2fab5b6ab94a9248a4f9536ea2fd497da20525f/sqlalchemy-2.0.40.tar.gz", hash = "sha256:d827099289c64589418ebbcaead0145cd19f4e3e8a93919a0100247af245fa00", size = 9664299 }
wheels = [
    { url = "https://files.pythonhosted.org/packages/77/7e/55044a9ec48c3249bb38d5faae93f09579c35e862bb318ebd1ed7a1994a5/sqlalchemy-2.0.40-cp311-cp311-macosx_10_9_x86_64.whl", hash = "sha256:f6bacab7514de6146a1976bc56e1545bee247242fab030b89e5f70336fc0003e", size = 2114025 },
    { url = "https://files.pythonhosted.org/packages/77/0f/dcf7bba95f847aec72f638750747b12d37914f71c8cc7c133cf326ab945c/sqlalchemy-2.0.40-cp311-cp311-macosx_11_0_arm64.whl", hash = "sha256:5654d1ac34e922b6c5711631f2da497d3a7bffd6f9f87ac23b35feea56098011", size = 2104419 },
    { url = "https://files.pythonhosted.org/packages/75/70/c86a5c20715e4fe903dde4c2fd44fc7e7a0d5fb52c1b954d98526f65a3ea/sqlalchemy-2.0.40-cp311-cp311-manylinux_2_17_aarch64.manylinux2014_aarch64.whl", hash = "sha256:35904d63412db21088739510216e9349e335f142ce4a04b69e2528020ee19ed4", size = 3222720 },
    { url = "https://files.pythonhosted.org/packages/12/cf/b891a8c1d0c27ce9163361664c2128c7a57de3f35000ea5202eb3a2917b7/sqlalchemy-2.0.40-cp311-cp311-manylinux_2_17_x86_64.manylinux2014_x86_64.whl", hash = "sha256:9c7a80ed86d6aaacb8160a1caef6680d4ddd03c944d985aecee940d168c411d1", size = 3222682 },
    { url = "https://files.pythonhosted.org/packages/15/3f/7709d8c8266953d945435a96b7f425ae4172a336963756b58e996fbef7f3/sqlalchemy-2.0.40-cp311-cp311-musllinux_1_2_aarch64.whl", hash = "sha256:519624685a51525ddaa7d8ba8265a1540442a2ec71476f0e75241eb8263d6f51", size = 3159542 },
    { url = "https://files.pythonhosted.org/packages/85/7e/717eaabaf0f80a0132dc2032ea8f745b7a0914451c984821a7c8737fb75a/sqlalchemy-2.0.40-cp311-cp311-musllinux_1_2_x86_64.whl", hash = "sha256:2ee5f9999a5b0e9689bed96e60ee53c3384f1a05c2dd8068cc2e8361b0df5b7a", size = 3179864 },
    { url = "https://files.pythonhosted.org/packages/e4/cc/03eb5dfcdb575cbecd2bd82487b9848f250a4b6ecfb4707e834b4ce4ec07/sqlalchemy-2.0.40-cp311-cp311-win32.whl", hash = "sha256:c0cae71e20e3c02c52f6b9e9722bca70e4a90a466d59477822739dc31ac18b4b", size = 2084675 },
    { url = "https://files.pythonhosted.org/packages/9a/48/440946bf9dc4dc231f4f31ef0d316f7135bf41d4b86aaba0c0655150d370/sqlalchemy-2.0.40-cp311-cp311-win_amd64.whl", hash = "sha256:574aea2c54d8f1dd1699449f332c7d9b71c339e04ae50163a3eb5ce4c4325ee4", size = 2110099 },
    { url = "https://files.pythonhosted.org/packages/d1/7c/5fc8e802e7506fe8b55a03a2e1dab156eae205c91bee46305755e086d2e2/sqlalchemy-2.0.40-py3-none-any.whl", hash = "sha256:32587e2e1e359276957e6fe5dad089758bc042a971a8a09ae8ecf7a8fe23d07a", size = 1903894 },
]

[[package]]
name = "text-unidecode"
version = "1.3"
source = { registry = "https://pypi.org/simple" }
sdist = { url = "https://files.pythonhosted.org/packages/ab/e2/e9a00f0ccb71718418230718b3d900e71a5d16e701a3dae079a21e9cd8f8/text-unidecode-1.3.tar.gz", hash = "sha256:bad6603bb14d279193107714b288be206cac565dfa49aa5b105294dd5c4aab93", size = 76885 }
wheels = [
    { url = "https://files.pythonhosted.org/packages/a6/a5/c0b6468d3824fe3fde30dbb5e1f687b291608f9473681bbf7dabbf5a87d7/text_unidecode-1.3-py2.py3-none-any.whl", hash = "sha256:1311f10e8b895935241623731c2ba64f4c455287888b18189350b67134a822e8", size = 78154 },
]

[[package]]
name = "typing-extensions"
version = "4.12.2"
source = { registry = "https://pypi.org/simple" }
sdist = { url = "https://files.pythonhosted.org/packages/df/db/f35a00659bc03fec321ba8bce9420de607a1d37f8342eee1863174c69557/typing_extensions-4.12.2.tar.gz", hash = "sha256:1a7ead55c7e559dd4dee8856e3a88b41225abfe1ce8df57b7c13915fe121ffb8", size = 85321 }
wheels = [
    { url = "https://files.pythonhosted.org/packages/26/9f/ad63fc0248c5379346306f8668cda6e2e2e9c95e01216d2b8ffd9ff037d0/typing_extensions-4.12.2-py3-none-any.whl", hash = "sha256:04e5ca0351e0f3f85c6853954072df659d0d13fac324d0072316b67d7794700d", size = 37438 },
]

[[package]]
name = "typing-inspection"
version = "0.4.0"
source = { registry = "https://pypi.org/simple" }
dependencies = [
    { name = "typing-extensions" },
]
sdist = { url = "https://files.pythonhosted.org/packages/82/5c/e6082df02e215b846b4b8c0b887a64d7d08ffaba30605502639d44c06b82/typing_inspection-0.4.0.tar.gz", hash = "sha256:9765c87de36671694a67904bf2c96e395be9c6439bb6c87b5142569dcdd65122", size = 76222 }
wheels = [
    { url = "https://files.pythonhosted.org/packages/31/08/aa4fdfb71f7de5176385bd9e90852eaf6b5d622735020ad600f2bab54385/typing_inspection-0.4.0-py3-none-any.whl", hash = "sha256:50e72559fcd2a6367a19f7a7e610e6afcb9fac940c650290eed893d61386832f", size = 14125 },
]

[[package]]
name = "tzdata"
version = "2025.2"
source = { registry = "https://pypi.org/simple" }
sdist = { url = "https://files.pythonhosted.org/packages/95/32/1a225d6164441be760d75c2c42e2780dc0873fe382da3e98a2e1e48361e5/tzdata-2025.2.tar.gz", hash = "sha256:b60a638fcc0daffadf82fe0f57e53d06bdec2f36c4df66280ae79bce6bd6f2b9", size = 196380 }
wheels = [
    { url = "https://files.pythonhosted.org/packages/5c/23/c7abc0ca0a1526a0774eca151daeb8de62ec457e77262b66b359c3c7679e/tzdata-2025.2-py2.py3-none-any.whl", hash = "sha256:1a403fada01ff9221ca8044d701868fa132215d84beb92242d9acd2147f667a8", size = 347839 },
]

[[package]]
name = "xlrd"
version = "2.0.1"
source = { registry = "https://pypi.org/simple" }
sdist = { url = "https://files.pythonhosted.org/packages/a6/b3/19a2540d21dea5f908304375bd43f5ed7a4c28a370dc9122c565423e6b44/xlrd-2.0.1.tar.gz", hash = "sha256:f72f148f54442c6b056bf931dbc34f986fd0c3b0b6b5a58d013c9aef274d0c88", size = 100259 }
wheels = [
    { url = "https://files.pythonhosted.org/packages/a6/0c/c2a72d51fe56e08a08acc85d13013558a2d793028ae7385448a6ccdfae64/xlrd-2.0.1-py2.py3-none-any.whl", hash = "sha256:6a33ee89877bd9abc1158129f6e94be74e2679636b8a205b43b85206c3f0bbdd", size = 96531 },
]
